
Microsoft Visual Studio Solution File, Format Version 12.00
# Visual Studio Version 17
VisualStudioVersion = 17.8.34322.80
MinimumVisualStudioVersion = 10.0.40219.1
Project("{FAE04EC0-301F-11D3-BF4B-00C04F79EFBC}") = "OrderApi.Domain", "OrderApi.Domain\OrderApi.Domain.csproj", "{D1E64B28-9F5F-4F2B-80FF-FD1C1526B9AE}"
EndProject
Project("{FAE04EC0-301F-11D3-BF4B-00C04F79EFBC}") = "OrderApi.Application", "OrderApi.Application\OrderApi.Application.csproj", "{71639D56-EE33-4F7C-B73C-3116A237AE9B}"
EndProject
Project("{FAE04EC0-301F-11D3-BF4B-00C04F79EFBC}") = "OrderApi.Infrastructure", "OrderApi.Infrastructure\OrderApi.Infrastructure.csproj", "{73942127-339C-46CA-AC59-53784C3DAAFD}"
EndProject
Project("{FAE04EC0-301F-11D3-BF4B-00C04F79EFBC}") = "OrderApi.Presentation", "OrderApi.Presentation\OrderApi.Presentation.csproj", "{627053AC-2473-44DB-A2D7-4A3C3AFA2D04}"
EndProject
Project("{9A19103F-16F7-4668-BE54-9A1E7A4F7556}") = "eCommerceSharedLibrary", "..\SharedLibrarySolution\eCommerceSharedLibrary\eCommerceSharedLibrary.csproj", "{349FAA01-4AC3-401D-A2E8-82C02D9CFC30}"
EndProject
Global
	GlobalSection(SolutionConfigurationPlatforms) = preSolution
		Debug|Any CPU = Debug|Any CPU
		Release|Any CPU = Release|Any CPU
	EndGlobalSection
	GlobalSection(ProjectConfigurationPlatforms) = postSolution
		{D1E64B28-9F5F-4F2B-80FF-FD1C1526B9AE}.Debug|Any CPU.ActiveCfg = Debug|Any CPU
		{D1E64B28-9F5F-4F2B-80FF-FD1C1526B9AE}.Debug|Any CPU.Build.0 = Debug|Any CPU
		{D1E64B28-9F5F-4F2B-80FF-FD1C1526B9AE}.Release|Any CPU.ActiveCfg = Release|Any CPU
		{D1E64B28-9F5F-4F2B-80FF-FD1C1526B9AE}.Release|Any CPU.Build.0 = Release|Any CPU
		{71639D56-EE33-4F7C-B73C-3116A237AE9B}.Debug|Any CPU.ActiveCfg = Debug|Any CPU
		{71639D56-EE33-4F7C-B73C-3116A237AE9B}.Debug|Any CPU.Build.0 = Debug|Any CPU
		{71639D56-EE33-4F7C-B73C-3116A237AE9B}.Release|Any CPU.ActiveCfg = Release|Any CPU
		{71639D56-EE33-4F7C-B73C-3116A237AE9B}.Release|Any CPU.Build.0 = Release|Any CPU
		{73942127-339C-46CA-AC59-53784C3DAAFD}.Debug|Any CPU.ActiveCfg = Debug|Any CPU
		{73942127-339C-46CA-AC59-53784C3DAAFD}.Debug|Any CPU.Build.0 = Debug|Any CPU
		{73942127-339C-46CA-AC59-53784C3DAAFD}.Release|Any CPU.ActiveCfg = Release|Any CPU
		{73942127-339C-46CA-AC59-53784C3DAAFD}.Release|Any CPU.Build.0 = Release|Any CPU
		{627053AC-2473-44DB-A2D7-4A3C3AFA2D04}.Debug|Any CPU.ActiveCfg = Debug|Any CPU
		{627053AC-2473-44DB-A2D7-4A3C3AFA2D04}.Debug|Any CPU.Build.0 = Debug|Any CPU
		{627053AC-2473-44DB-A2D7-4A3C3AFA2D04}.Release|Any CPU.ActiveCfg = Release|Any CPU
		{627053AC-2473-44DB-A2D7-4A3C3AFA2D04}.Release|Any CPU.Build.0 = Release|Any CPU
		{349FAA01-4AC3-401D-A2E8-82C02D9CFC30}.Debug|Any CPU.ActiveCfg = Debug|Any CPU
		{349FAA01-4AC3-401D-A2E8-82C02D9CFC30}.Debug|Any CPU.Build.0 = Debug|Any CPU
		{349FAA01-4AC3-401D-A2E8-82C02D9CFC30}.Release|Any CPU.ActiveCfg = Release|Any CPU
		{349FAA01-4AC3-401D-A2E8-82C02D9CFC30}.Release|Any CPU.Build.0 = Release|Any CPU
	EndGlobalSection
	GlobalSection(SolutionProperties) = preSolution
		HideSolutionNode = FALSE
	EndGlobalSection
	GlobalSection(ExtensibilityGlobals) = postSolution
		SolutionGuid = {8FE452F5-4B54-4472-9A27-BEDBF165FFCC}
	EndGlobalSection
EndGlobal
