
Microsoft Visual Studio Solution File, Format Version 12.00
# Visual Studio Version 17
VisualStudioVersion = 17.8.34322.80
MinimumVisualStudioVersion = 10.0.40219.1
Project("{FAE04EC0-301F-11D3-BF4B-00C04F79EFBC}") = "eCommerceSharedLibrary", "eCommerceSharedLibrary\eCommerceSharedLibrary.csproj", "{691E1C7B-CA47-4473-AA04-FE91B9DC54EC}"
EndProject
Global
	GlobalSection(SolutionConfigurationPlatforms) = preSolution
		Debug|Any CPU = Debug|Any CPU
		Release|Any CPU = Release|Any CPU
	EndGlobalSection
	GlobalSection(ProjectConfigurationPlatforms) = postSolution
		{691E1C7B-CA47-4473-AA04-FE91B9DC54EC}.Debug|Any CPU.ActiveCfg = Debug|Any CPU
		{691E1C7B-CA47-4473-AA04-FE91B9DC54EC}.Debug|Any CPU.Build.0 = Debug|Any CPU
		{691E1C7B-CA47-4473-AA04-FE91B9DC54EC}.Release|Any CPU.ActiveCfg = Release|Any CPU
		{691E1C7B-CA47-4473-AA04-FE91B9DC54EC}.Release|Any CPU.Build.0 = Release|Any CPU
	EndGlobalSection
	GlobalSection(SolutionProperties) = preSolution
		HideSolutionNode = FALSE
	EndGlobalSection
	GlobalSection(ExtensibilityGlobals) = postSolution
		SolutionGuid = {1BB2DCDA-8EF9-4A38-A24A-010AF79EC70D}
	EndGlobalSection
EndGlobal
